{
    "name": "totem.group.auth",
    "version": "0.1.0",
    "lockfileVersion": 1,
    "requires": true,
    "dependencies": {
        "fg-loadcss": {
            "version": "1.3.1",
            "resolved": "https://registry.npmjs.org/fg-loadcss/-/fg-loadcss-1.3.1.tgz",
            "integrity": "sha1-iTDoIJWfqvuyQoUO7sTy0CWUMMs="
        },
        "svg-sprite-injector": {
            "version": "1.0.0",
            "resolved": "https://registry.npmjs.org/svg-sprite-injector/-/svg-sprite-injector-1.0.0.tgz",
            "integrity": "sha1-HzXxbZqJtueaKW2GFlT5OZLcDI4="
        },
        "totem.module.button": {
            "version": "0.5.0",
            "resolved": "https://registry.npmjs.org/totem.module.button/-/totem.module.button-0.5.0.tgz",
            "integrity": "sha512-HyQDuVI54d4c0IUiZ/FJXwpAT4Kg9sjpiQiRHT30TsMeQhKkGgJG/eAQufI4NGtOMXM4HrN6OZAchobjhI7Erg==",
            "requires": {
                "totem.template.module": "0.1.0"
            }
        },
        "totem.module.form": {
            "version": "0.5.0",
            "resolved": "https://registry.npmjs.org/totem.module.form/-/totem.module.form-0.5.0.tgz",
            "integrity": "sha512-xsn8pDpk9lHkRffNqpCrnScNWx9eNy4CwlhwPEn2dowBDgtHBcDseEC7SSkemsISrgR+dFRsyg9DGI5DAJSjRQ==",
            "requires": {
                "totem.template.module": "0.1.0"
            }
        },
        "totem.module.loadcss": {
            "version": "0.5.0",
            "resolved": "https://registry.npmjs.org/totem.module.loadcss/-/totem.module.loadcss-0.5.0.tgz",
            "integrity": "sha1-FGbdZFEs+nqPUzc2cGi8ivk3IYI=",
            "requires": {
                "fg-loadcss": "1.3.1"
            }
        },
        "totem.module.svgsprite": {
            "version": "0.5.0",
            "resolved": "https://registry.npmjs.org/totem.module.svgsprite/-/totem.module.svgsprite-0.5.0.tgz",
            "integrity": "sha1-zbLA7t2JzrrxSrWSO/xycHrW5PU=",
            "requires": {
                "svg-sprite-injector": "1.0.0"
            }
        },
        "totem.module.tipi-base-adapter": {
            "version": "1.7.0",
            "resolved": "https://registry.npmjs.org/totem.module.tipi-base-adapter/-/totem.module.tipi-base-adapter-1.7.0.tgz",
            "integrity": "sha512-GORH/uVvkPM6xiLf7g2QPdVrvB9Rtaf86vi6C6R64iQaPVae5Vv5vDAF7PlGsODqf3OjqwrQJRPaiOCIBMmo9Q==",
            "requires": {
                "bourbon": "4.3.4",
                "tipi.base.columns": "3.3.3",
                "tipi.base.combined": "1.1.12",
                "tipi.base.element-group": "3.0.5",
                "tipi.base.sticky-end": "2.0.3",
                "tipi.base.valign": "1.0.2"
            },
            "dependencies": {
                "bourbon": {
                    "version": "4.3.4",
                    "resolved": "https://registry.npmjs.org/bourbon/-/bourbon-4.3.4.tgz",
                    "integrity": "sha1-TaOAAp6SwMj5dkx3lFGhNLEefMM="
                },
                "tipi.base.columns": {
                    "version": "3.3.3",
                    "resolved": "https://registry.npmjs.org/tipi.base.columns/-/tipi.base.columns-3.3.3.tgz",
                    "integrity": "sha1-VPNZr65aVXwdUwH8+k0mq1GsTus=",
                    "requires": {
                        "bourbon": "4.3.4"
                    }
                },
                "tipi.base.combined": {
                    "version": "1.1.12",
                    "resolved": "https://registry.npmjs.org/tipi.base.combined/-/tipi.base.combined-1.1.12.tgz",
                    "integrity": "sha1-GAGa2CZZTO+B5BrkHlAOYWS4cWE=",
                    "requires": {
                        "bourbon": "4.3.4"
                    }
                },
                "tipi.base.element-group": {
                    "version": "3.0.5",
                    "resolved": "https://registry.npmjs.org/tipi.base.element-group/-/tipi.base.element-group-3.0.5.tgz",
                    "integrity": "sha1-c/mChsEVSvDHgdZnoCrnh1pjxck=",
                    "requires": {
                        "bourbon": "4.3.4"
                    }
                },
                "tipi.base.sticky-end": {
                    "version": "2.0.3",
                    "resolved": "https://registry.npmjs.org/tipi.base.sticky-end/-/tipi.base.sticky-end-2.0.3.tgz",
                    "integrity": "sha1-QT+y/6jCRVTugX0kaMnXC6gIGAA=",
                    "requires": {
                        "bourbon": "4.3.4"
                    }
                },
                "tipi.base.valign": {
                    "version": "1.0.2",
                    "resolved": "https://registry.npmjs.org/tipi.base.valign/-/tipi.base.valign-1.0.2.tgz",
                    "integrity": "sha1-8tAcWaj5dvE2mNp3RCk3kMzlXqY=",
                    "requires": {
                        "bourbon": "4.3.4"
                    }
                }
            }
        },
        "totem.template.auth": {
            "version": "0.1.0",
            "resolved": "https://registry.npmjs.org/totem.template.auth/-/totem.template.auth-0.1.0.tgz",
            "integrity": "sha512-Wa7+cQJU0HUP1/pQFC/9uH1DPIzzcPBwPX1tvudO6PXRdgmA7g1LbyEOGkdCbcAnf59rY9kT9CiuFMph4ZxQgQ=="
        },
        "totem.template.module": {
            "version": "0.1.0",
            "resolved": "https://registry.npmjs.org/totem.template.module/-/totem.template.module-0.1.0.tgz",
            "integrity": "sha512-zRmrO8IPgPTWNqvWNeoZayTD5jDMCRcTLdDKV2orcN3EjT9R9ncNSaN6hubdo7TfVmy3Cnl5bCX4KjU44K2KTg==",
            "requires": {
                "totem.module.svgsprite": "0.5.0"
            }
        }
    }
}
