{
    "name": "totem.group.auth",
    "version": "0.3.1",
    "lockfileVersion": 1,
    "requires": true,
    "dependencies": {
        "fg-loadcss": {
            "version": "1.3.1",
            "resolved": "https://registry.npmjs.org/fg-loadcss/-/fg-loadcss-1.3.1.tgz",
            "integrity": "sha1-iTDoIJWfqvuyQoUO7sTy0CWUMMs="
        },
        "svg-sprite-injector": {
            "version": "1.0.0",
            "resolved": "https://registry.npmjs.org/svg-sprite-injector/-/svg-sprite-injector-1.0.0.tgz",
            "integrity": "sha1-HzXxbZqJtueaKW2GFlT5OZLcDI4="
        },
        "totem.module.button": {
            "version": "0.6.2",
            "resolved": "https://registry.npmjs.org/totem.module.button/-/totem.module.button-0.6.2.tgz",
            "integrity": "sha512-3ZZadXyuNPrbqlwuN/DIeMv3KLn9qw/gpgrRSI9fzNMIjHtNAZ8EuwTVQJkV7V3riPiuaJ3nBTJ+kJpHjp/3RQ==",
            "requires": {
                "totem.template.module": "0.6.1"
            }
        },
        "totem.module.form": {
            "version": "0.6.1",
            "resolved": "https://registry.npmjs.org/totem.module.form/-/totem.module.form-0.6.1.tgz",
            "integrity": "sha512-k8bA3K2YHgiEO1cMTx56DK8N+dLtbmsrDpwEC0wX/DTvxlMzRR2Zz/ENZo2RvZ1WPaxxECh5Pm5LbJ0KA2xw5w==",
            "requires": {
                "totem.template.module": "0.6.1"
            },
            "dependencies": {
                "totem.template.module": {
                    "version": "0.6.1",
                    "resolved": "https://registry.npmjs.org/totem.template.module/-/totem.template.module-0.6.1.tgz",
                    "integrity": "sha512-MjTykvMPvdfc0+DxnI/XpMdU5kKpnGKRdxrU/+xPpDAwPePZ7QoZJq/Y9MO9KK24dgxP9GXe5vWwouMUY4YGew==",
                    "requires": {
                        "totem.module.svgsprite": "0.5.0"
                    }
                }
            }
        },
        "totem.module.loadcss": {
            "version": "0.6.0",
            "resolved": "https://registry.npmjs.org/totem.module.loadcss/-/totem.module.loadcss-0.6.0.tgz",
            "integrity": "sha512-iFZi4nfTSNNpTBgDF2B2/EWnNELj6RWkCEv8w4eRZWgPoD1HV0P4Ew9y1GFVBRU67/vgOKupVGyBH4U36+GBPg==",
            "requires": {
                "fg-loadcss": "1.3.1"
            }
        },
        "totem.module.panel": {
            "version": "0.2.0",
            "resolved": "https://registry.npmjs.org/totem.module.panel/-/totem.module.panel-0.2.0.tgz",
            "integrity": "sha512-Ue6wx/dvufgcjZrFys/9bGsRElr6hNJHCC0y7JdJryiVHwXEKBO5us5qUny7AazKc+/8khvLAcgzbbLbFxBKmg==",
            "requires": {
                "totem.template.module": "0.6.1"
            }
        },
        "totem.module.svgsprite": {
            "version": "0.5.0",
            "resolved": "https://registry.npmjs.org/totem.module.svgsprite/-/totem.module.svgsprite-0.5.0.tgz",
            "integrity": "sha1-zbLA7t2JzrrxSrWSO/xycHrW5PU=",
            "requires": {
                "svg-sprite-injector": "1.0.0"
            }
        },
        "totem.module.tipi-base-adapter": {
            "version": "1.7.0",
            "resolved": "https://registry.npmjs.org/totem.module.tipi-base-adapter/-/totem.module.tipi-base-adapter-1.7.0.tgz",
            "integrity": "sha512-GORH/uVvkPM6xiLf7g2QPdVrvB9Rtaf86vi6C6R64iQaPVae5Vv5vDAF7PlGsODqf3OjqwrQJRPaiOCIBMmo9Q==",
            "requires": {
                "bourbon": "4.3.4",
                "tipi.base.columns": "3.3.3",
                "tipi.base.combined": "1.1.12",
                "tipi.base.element-group": "3.0.5",
                "tipi.base.sticky-end": "2.0.3",
                "tipi.base.valign": "1.0.2"
            },
            "dependencies": {
                "bourbon": {
                    "version": "4.3.4",
                    "resolved": "https://registry.npmjs.org/bourbon/-/bourbon-4.3.4.tgz",
                    "integrity": "sha1-TaOAAp6SwMj5dkx3lFGhNLEefMM="
                },
                "tipi.base.columns": {
                    "version": "3.3.3",
                    "resolved": "https://registry.npmjs.org/tipi.base.columns/-/tipi.base.columns-3.3.3.tgz",
                    "integrity": "sha1-VPNZr65aVXwdUwH8+k0mq1GsTus=",
                    "requires": {
                        "bourbon": "4.3.4"
                    }
                },
                "tipi.base.combined": {
                    "version": "1.1.12",
                    "resolved": "https://registry.npmjs.org/tipi.base.combined/-/tipi.base.combined-1.1.12.tgz",
                    "integrity": "sha1-GAGa2CZZTO+B5BrkHlAOYWS4cWE=",
                    "requires": {
                        "bourbon": "4.3.4"
                    }
                },
                "tipi.base.element-group": {
                    "version": "3.0.5",
                    "resolved": "https://registry.npmjs.org/tipi.base.element-group/-/tipi.base.element-group-3.0.5.tgz",
                    "integrity": "sha1-c/mChsEVSvDHgdZnoCrnh1pjxck=",
                    "requires": {
                        "bourbon": "4.3.4"
                    }
                },
                "tipi.base.sticky-end": {
                    "version": "2.0.3",
                    "resolved": "https://registry.npmjs.org/tipi.base.sticky-end/-/tipi.base.sticky-end-2.0.3.tgz",
                    "integrity": "sha1-QT+y/6jCRVTugX0kaMnXC6gIGAA=",
                    "requires": {
                        "bourbon": "4.3.4"
                    }
                },
                "tipi.base.valign": {
                    "version": "1.0.2",
                    "resolved": "https://registry.npmjs.org/tipi.base.valign/-/tipi.base.valign-1.0.2.tgz",
                    "integrity": "sha1-8tAcWaj5dvE2mNp3RCk3kMzlXqY=",
                    "requires": {
                        "bourbon": "4.3.4"
                    }
                }
            }
        },
        "totem.template.auth": {
            "version": "0.2.0",
            "resolved": "https://registry.npmjs.org/totem.template.auth/-/totem.template.auth-0.2.0.tgz",
            "integrity": "sha512-Z78ufkUiqiUlGfREWDoD8QgiLJqxOu9MeIIhwq3PEd4FFwHoneghUDtdyDyQ/YjUOrlnyDDgUgg4Oa1ZVYvPWw=="
        },
        "totem.template.module": {
            "version": "0.6.1",
            "resolved": "https://registry.npmjs.org/totem.template.module/-/totem.template.module-0.6.1.tgz",
            "integrity": "sha512-MjTykvMPvdfc0+DxnI/XpMdU5kKpnGKRdxrU/+xPpDAwPePZ7QoZJq/Y9MO9KK24dgxP9GXe5vWwouMUY4YGew==",
            "requires": {
                "totem.module.svgsprite": "0.5.0"
            }
        }
    }
}
